{
  "name": "agent",
  "version": "1.0.0",
  "lockfileVersion": 3,
  "requires": true,
  "packages": {
    "": {
      "name": "agent",
      "version": "1.0.0",
      "dependencies": {
        "frida-objc-bridge": "^8.0.5"
      },
      "devDependencies": {
        "@types/frida-gum": "^19.0.0",
        "@types/node": "^18.14.0"
      }
    },
    "node_modules/@types/frida-gum": {
      "version": "19.0.1",
      "resolved": "https://registry.npmjs.org/@types/frida-gum/-/frida-gum-19.0.1.tgz",
      "integrity": "sha512-mp8BpWWkQFJH86ZN5uXZuDiA7KY/+jDknrw0a06x0/+F5ucPwctHrCuV6iT+LLCp/GyICc36ssedF33B1WoLsw==",
      "dev": true,
      "license": "MIT"
    },
    "node_modules/@types/node": {
      "version": "18.19.122",
      "resolved": "https://registry.npmjs.org/@types/node/-/node-18.19.122.tgz",
      "integrity": "sha512-yzegtT82dwTNEe/9y+CM8cgb42WrUfMMCg2QqSddzO1J6uPmBD7qKCZ7dOHZP2Yrpm/kb0eqdNMn2MUyEiqBmA==",
      "dev": true,
      "license": "MIT",
      "dependencies": {
        "undici-types": "~5.26.4"
      }
    },
    "node_modules/frida-objc-bridge": {
      "version": "8.0.5",
      "resolved": "https://registry.npmjs.org/frida-objc-bridge/-/frida-objc-bridge-8.0.5.tgz",
      "integrity": "sha512-0xnL0VgxSQXgLj3S33S0kdAvLrCHSCIZb9HVraEgEyKnf9wOcu0KZ9fI5xzx0e0y+ry/g2Vl3yw9j3dsn92Ffg==",
      "license": "LGPL-2.0 WITH WxWindows-exception-3.1"
    },
    "node_modules/undici-types": {
      "version": "5.26.5",
      "resolved": "https://registry.npmjs.org/undici-types/-/undici-types-5.26.5.tgz",
      "integrity": "sha512-JlCMO+ehdEIKqlFxk6IfVoAUVmgz7cU7zD/h9XZ0qzeosSHmUJVOzSQvvYSYWXkFXC+IfLKSIffhv0sVZup6pA==",
      "dev": true,
      "license": "MIT"
    }
  }
}
